
Microsoft Visual Studio Solution File, Format Version 12.00
# Visual Studio Version 16
VisualStudioVersion = 16.0.30330.147
MinimumVisualStudioVersion = 10.0.40219.1
Project("{FAE04EC0-301F-11D3-BF4B-00C04F79EFBC}") = "ERP", "ERP\ERP.csproj", "{DB8E2E13-C4B3-4CBE-AC84-EDC685A3931A}"
EndProject
Project("{FAE04EC0-301F-11D3-BF4B-00C04F79EFBC}") = "ERP.Model", "ERP.Model\ERP.Model.csproj", "{A7B24D05-1525-4F1B-8C48-CC6679D1F98D}"
EndProject
Project("{FAE04EC0-301F-11D3-BF4B-00C04F79EFBC}") = "ERP.Repository", "ERP.Repository\ERP.Repository.csproj", "{D31F16B6-AF11-4A5C-875C-18FFB36CF587}"
EndProject
Project("{FAE04EC0-301F-11D3-BF4B-00C04F79EFBC}") = "ERP.Ultilities", "ERP.Ultilities\ERP.Ultilities.csproj", "{C98F5DC3-57AB-43B5-8BEA-A78AB9A893F9}"
EndProject
Project("{FAE04EC0-301F-11D3-BF4B-00C04F79EFBC}") = "ERP.Service", "ERP.Service\ERP.Service.csproj", "{579C3C08-C9B9-46AE-B29D-91105283FEA5}"
EndProject
Global
	GlobalSection(SolutionConfigurationPlatforms) = preSolution
		Debug|Any CPU = Debug|Any CPU
		Release|Any CPU = Release|Any CPU
	EndGlobalSection
	GlobalSection(ProjectConfigurationPlatforms) = postSolution
		{DB8E2E13-C4B3-4CBE-AC84-EDC685A3931A}.Debug|Any CPU.ActiveCfg = Debug|Any CPU
		{DB8E2E13-C4B3-4CBE-AC84-EDC685A3931A}.Debug|Any CPU.Build.0 = Debug|Any CPU
		{DB8E2E13-C4B3-4CBE-AC84-EDC685A3931A}.Release|Any CPU.ActiveCfg = Release|Any CPU
		{DB8E2E13-C4B3-4CBE-AC84-EDC685A3931A}.Release|Any CPU.Build.0 = Release|Any CPU
		{A7B24D05-1525-4F1B-8C48-CC6679D1F98D}.Debug|Any CPU.ActiveCfg = Debug|Any CPU
		{A7B24D05-1525-4F1B-8C48-CC6679D1F98D}.Debug|Any CPU.Build.0 = Debug|Any CPU
		{A7B24D05-1525-4F1B-8C48-CC6679D1F98D}.Release|Any CPU.ActiveCfg = Release|Any CPU
		{A7B24D05-1525-4F1B-8C48-CC6679D1F98D}.Release|Any CPU.Build.0 = Release|Any CPU
		{D31F16B6-AF11-4A5C-875C-18FFB36CF587}.Debug|Any CPU.ActiveCfg = Debug|Any CPU
		{D31F16B6-AF11-4A5C-875C-18FFB36CF587}.Debug|Any CPU.Build.0 = Debug|Any CPU
		{D31F16B6-AF11-4A5C-875C-18FFB36CF587}.Release|Any CPU.ActiveCfg = Release|Any CPU
		{D31F16B6-AF11-4A5C-875C-18FFB36CF587}.Release|Any CPU.Build.0 = Release|Any CPU
		{C98F5DC3-57AB-43B5-8BEA-A78AB9A893F9}.Debug|Any CPU.ActiveCfg = Debug|Any CPU
		{C98F5DC3-57AB-43B5-8BEA-A78AB9A893F9}.Debug|Any CPU.Build.0 = Debug|Any CPU
		{C98F5DC3-57AB-43B5-8BEA-A78AB9A893F9}.Release|Any CPU.ActiveCfg = Release|Any CPU
		{C98F5DC3-57AB-43B5-8BEA-A78AB9A893F9}.Release|Any CPU.Build.0 = Release|Any CPU
		{579C3C08-C9B9-46AE-B29D-91105283FEA5}.Debug|Any CPU.ActiveCfg = Debug|Any CPU
		{579C3C08-C9B9-46AE-B29D-91105283FEA5}.Debug|Any CPU.Build.0 = Debug|Any CPU
		{579C3C08-C9B9-46AE-B29D-91105283FEA5}.Release|Any CPU.ActiveCfg = Release|Any CPU
		{579C3C08-C9B9-46AE-B29D-91105283FEA5}.Release|Any CPU.Build.0 = Release|Any CPU
	EndGlobalSection
	GlobalSection(SolutionProperties) = preSolution
		HideSolutionNode = FALSE
	EndGlobalSection
	GlobalSection(ExtensibilityGlobals) = postSolution
		SolutionGuid = {108BE727-AA57-4050-B018-FFC018FCBC6A}
	EndGlobalSection
EndGlobal
